# THIS IS AN AUTOGENERATED FILE. DO NOT EDIT THIS FILE DIRECTLY.
# yarn lockfile v1


"@es4x/create@0.14.0":
  version "0.14.0"
  resolved "https://registry.npmjs.org/@es4x/create/-/create-0.14.0.tgz#83495fae60490eddc53f72bfb7a3b15fa9bc51e4"
  integrity sha512-PUnEfUCZWA1SJI9k4Ra4CXL/QDW9F3wzQhZY9jfIE5y+o54aI1xf2uDjkcwi/HJtRNC3RfON2EjS1i6j6FnpgA==

"@vertx/core@4.0.0":
  version "4.0.0"
  resolved "https://registry.npmjs.org/@vertx/core/-/core-4.0.0.tgz#d817cfbf8bf2f12ce7a12c85f2123621c0fb37d9"
  integrity sha512-CvHJk5r4Y/K+WVu7vV28KmPmgZ3kpjqAEk7Vb2J7j5dHnzbG3PX1OmghaAIovDEN3w2XlTR1EzykkfMAuH42+A==

"@vertx/unit@4.0.0":
  version "4.0.0"
  resolved "https://registry.npmjs.org/@vertx/unit/-/unit-4.0.0.tgz#a3e06ce3da99d77c609971e4a9499ca19a02db6b"
  integrity sha512-edVC1GVFPkue/4sCNZI15tp3Y6MSLRsxV23wKWA+/rCwX28ge+ZbSE06404puqsNkeAr27TmcULtooDbgn7agA==
  dependencies:
    "@vertx/core" "4.0.0"

typescript@^4.3.2:
  version "4.3.2"
  resolved "https://registry.npmjs.org/typescript/-/typescript-4.3.2.tgz#399ab18aac45802d6f2498de5054fcbbe716a805"
  integrity sha512-zZ4hShnmnoVnAHpVHWpTcxdv7dWP60S2FsydQLV8V5PbS3FifjWFFRiHSWpDJahly88PRyV5teTSLoq4eG7mKw==
